# This file is generated by running "yarn install" inside your project.
# Manual changes might be lost - proceed with caution!

__metadata:
  version: 6
  cacheKey: 8

"@pixi/accessibility@npm:7.0.0":
  version: 7.0.0
  resolution: "@pixi/accessibility@npm:7.0.0"
  checksum: 43ec920ac4d5a50a0b82e551435f19b292362b68d793b7ccd07b5f971d674f77e7d11a402677ff6854cfd9528a285ece445c634581fc5a4ff4ef4b77641f924f
  languageName: node
  linkType: hard

"@pixi/app@npm:7.0.0":
  version: 7.0.0
  resolution: "@pixi/app@npm:7.0.0"
  checksum: 9cd7d026e46b5e0ad4bf1ec3e7199043def1621673e8464311e60c2cfb9c89ef391935c525d252c847ca0ae126557bcbbd85811a618dc5c0a5770c7145fffea1
  languageName: node
  linkType: hard

"@pixi/assets@npm:7.0.0":
  version: 7.0.0
  resolution: "@pixi/assets@npm:7.0.0"
  dependencies:
    "@types/css-font-loading-module": ^0.0.7
  checksum: 4d2ee9e8c97899cec60d5dbb1eccbfc3b62169aae6cf35e72074aa81e0bcc0eceb33f3532387e13fe81d4af43db689586368babc653e593afa36223a94f75e38
  languageName: node
  linkType: hard

"@pixi/compressed-textures@npm:7.0.0":
  version: 7.0.0
  resolution: "@pixi/compressed-textures@npm:7.0.0"
  checksum: 2f2f0949b1170302417a3f152d9992d45234f1523ce837a900a841e031e080eb414d869910613df190f07e7c91c58ad873b747e8636663345c517c0bc2304f33
  languageName: node
  linkType: hard

"@pixi/constants@npm:7.0.0":
  version: 7.0.0
  resolution: "@pixi/constants@npm:7.0.0"
  checksum: 18a8826815ea13600f8ac57034d65b2be3a566abbfda7588772539283b20bfbb5ad1a12891f7a016dedb8f81763515dccdb3840b67a8a9fab60b93162000b2e7
  languageName: node
  linkType: hard

"@pixi/core@npm:7.0.0":
  version: 7.0.0
  resolution: "@pixi/core@npm:7.0.0"
  dependencies:
    "@pixi/constants": 7.0.0
    "@pixi/extensions": 7.0.0
    "@pixi/math": 7.0.0
    "@pixi/runner": 7.0.0
    "@pixi/settings": 7.0.0
    "@pixi/ticker": 7.0.0
    "@pixi/utils": 7.0.0
    "@types/offscreencanvas": ^2019.6.4
  checksum: beb6635c5888cf272a44fb5a682a1c01a637b773b27ef3d0be1b80b537d6549aba5620e55682bf1f6bcbd975d585f05c73350b3b244d911f9b5003aadc55cb84
  languageName: node
  linkType: hard

"@pixi/display@npm:7.0.0":
  version: 7.0.0
  resolution: "@pixi/display@npm:7.0.0"
  checksum: 371f6e165eeff37155897a7e3aa8df71d53d843bf5076840bf26a69c8ff267584fde1acf473d38601970fbb86d11a1489822607542eebc4255744cff4bccf7fe
  languageName: node
  linkType: hard

"@pixi/events@npm:7.0.0":
  version: 7.0.0
  resolution: "@pixi/events@npm:7.0.0"
  checksum: 2da5b388646b09e26c3360963d6a797c2714e21bfc4c3e920cec4dddc83f1609f07e5c2d82c32fcea1dfc7b92d46684cf411dbf485e644cffee9a68fb1ea1aaa
  languageName: node
  linkType: hard

"@pixi/extensions@npm:7.0.0":
  version: 7.0.0
  resolution: "@pixi/extensions@npm:7.0.0"
  checksum: 0ed92e53fcf239f6d69e4e3d2d4e5dcd7d6cb07bf8a3bb02c037a7c5952b3ff9fec36ba75aa72802a0466284d767fc12659a552702401af4f38ec69a7a3c0c78
  languageName: node
  linkType: hard

"@pixi/extract@npm:7.0.0":
  version: 7.0.0
  resolution: "@pixi/extract@npm:7.0.0"
  checksum: fe44f813c9a3c2427281ca04c1d70336bf62d02ef504b2b4811559a25b4248a9f7ae6b1dd02075d50a1da57092092891a467eab08e9abf8b76fc6fd04b1d3da4
  languageName: node
  linkType: hard

"@pixi/filter-alpha@npm:7.0.0":
  version: 7.0.0
  resolution: "@pixi/filter-alpha@npm:7.0.0"
  checksum: 89dee2c4a0ed986a52ed98b7ef1cee4c285d397b3c965a2ec70c95fc828c05b72f5c3472cbaa71284a6f73feb756305bb52dcb797612d826f5f9155612605032
  languageName: node
  linkType: hard

"@pixi/filter-blur@npm:7.0.0":
  version: 7.0.0
  resolution: "@pixi/filter-blur@npm:7.0.0"
  checksum: 8318ce65d84c5007a79dac230feec29c196faa7f48ac071958305f91a4c468ccf38b219410d038dab3a1fb580e0c1189104c1e87e3ec7d8b7d2bca1cfc18603d
  languageName: node
  linkType: hard

"@pixi/filter-color-matrix@npm:7.0.0":
  version: 7.0.0
  resolution: "@pixi/filter-color-matrix@npm:7.0.0"
  checksum: 15f4bb0be7709352412928961af4d5597c9823216d1042d4454eaf0d0419e7f2bb2d63547af3e43d921e0029894644bd4d37ee50abe2b99a319f21fab5a6482d
  languageName: node
  linkType: hard

"@pixi/filter-displacement@npm:7.0.0":
  version: 7.0.0
  resolution: "@pixi/filter-displacement@npm:7.0.0"
  checksum: 6f5c3eb0fd52e5861e192ae7e17737fd668934454162b38be7b44d5dff818e189d66ec1b0c88d4d44796b6453c18ea5f7b88fe7fdc44c0587f58b53fa32ddc11
  languageName: node
  linkType: hard

"@pixi/filter-fxaa@npm:7.0.0":
  version: 7.0.0
  resolution: "@pixi/filter-fxaa@npm:7.0.0"
  checksum: 3494c2a50543266ead50fa024138cf65e7b869774f3952e5d621dc929c08d5ac598172050e294649982de4694fc827a86a93d2bc27f9da26426506385bf162b4
  languageName: node
  linkType: hard

"@pixi/filter-noise@npm:7.0.0":
  version: 7.0.0
  resolution: "@pixi/filter-noise@npm:7.0.0"
  checksum: 82499b38cd5c41d750747e30061a942c8128b83baeeb99ee85f6dce9f1f5a0c3d36ac279cf318bb4649239c80dd5f63a00f62b890b3d99309f71b09434c6466f
  languageName: node
  linkType: hard

"@pixi/graphics@npm:7.0.0":
  version: 7.0.0
  resolution: "@pixi/graphics@npm:7.0.0"
  checksum: c2981307b9fa434c328a8c4829fa61686023e5d470ada3b6845d37867af86e00f813f08291d5bc642d6520bffae5e51e5d4301bae8a91b0dd117daf42978305c
  languageName: node
  linkType: hard

"@pixi/math@npm:7.0.0":
  version: 7.0.0
  resolution: "@pixi/math@npm:7.0.0"
  checksum: db4537f570aa48412eba9e77c4e9684cc5a6e87e7cc28c8a715dde43dda3881ee57bd0628fc5038d4b3ffb7fda9bdf3173ade5fa1b0ff06d02efa899ec2e47b4
  languageName: node
  linkType: hard

"@pixi/mesh-extras@npm:7.0.0":
  version: 7.0.0
  resolution: "@pixi/mesh-extras@npm:7.0.0"
  checksum: 3a5579296f2ae1aaf0e4fef39cfacde27fd51ab54446335292a3c5a2c96638a528d42ee0ff43614faee101d49b2f1068f78e02a9aa165bf86e98b316e9ee55c9
  languageName: node
  linkType: hard

"@pixi/mesh@npm:7.0.0":
  version: 7.0.0
  resolution: "@pixi/mesh@npm:7.0.0"
  checksum: 2c39f95226062df8d9d665a6c12b05c3153bc15b63a41e815686609e9572eef6e4f2e80f905542b18b84394f2d8817acbd2546ccff6eefb4783c7d65d2048732
  languageName: node
  linkType: hard

"@pixi/mixin-cache-as-bitmap@npm:7.0.0":
  version: 7.0.0
  resolution: "@pixi/mixin-cache-as-bitmap@npm:7.0.0"
  checksum: 2fbdd5ea546f1b852b67a39928f6279b5b176a19c4782593a92dabd611afc31537362a6860651475b50f8cd4dd1b45235ba4ac0af2021de2fb07c04689c3d45b
  languageName: node
  linkType: hard

"@pixi/mixin-get-child-by-name@npm:7.0.0":
  version: 7.0.0
  resolution: "@pixi/mixin-get-child-by-name@npm:7.0.0"
  checksum: 88f8ce2e6690e43105e43e84d3c2865de08234a5944757a3c53400cd54bf2f093fc4c35f61163c8aaf84fb411d705eaaca5641c12bc64f6311373a37b5231cfb
  languageName: node
  linkType: hard

"@pixi/mixin-get-global-position@npm:7.0.0":
  version: 7.0.0
  resolution: "@pixi/mixin-get-global-position@npm:7.0.0"
  checksum: a27fc2cebf2e6fd04f5caf4561d686fd92e7417c8c46022c785a69af52060be29fcc92e5c64b36cdbfdb81f691b04234e4af5707e0eadb99e22a4541545896e5
  languageName: node
  linkType: hard

"@pixi/particle-container@npm:7.0.0":
  version: 7.0.0
  resolution: "@pixi/particle-container@npm:7.0.0"
  checksum: 059cf49c770ded17e00c4473731fae89edb2e9e9fadf9c644dc3b95e6f9f8aee909cae772d6178fd94c12ba5e892ba8c2c8f8640ebc466c669d9a5d271f10096
  languageName: node
  linkType: hard

"@pixi/prepare@npm:7.0.0":
  version: 7.0.0
  resolution: "@pixi/prepare@npm:7.0.0"
  checksum: 7cd2c54a7016523f852554b5edcf1557bf7fd0381e489f585dcc0617addf62c95efe0fe624b16eeca14c0490c27969530d8524a74a1d0d07da21edcf765eb257
  languageName: node
  linkType: hard

"@pixi/runner@npm:7.0.0":
  version: 7.0.0
  resolution: "@pixi/runner@npm:7.0.0"
  checksum: c7a64700ff8ce37b82d091cc1bb2bf2faccaea114a2cbb4badcf7b7add7911d372ab6261d47d6178b860515166901f25189bf70ef7e1d9d228c3bedb603ff10a
  languageName: node
  linkType: hard

"@pixi/settings@npm:7.0.0":
  version: 7.0.0
  resolution: "@pixi/settings@npm:7.0.0"
  dependencies:
    "@pixi/constants": 7.0.0
    "@types/css-font-loading-module": ^0.0.7
  checksum: 10305868a665cb209c876f37b77ef2c6a968f505f8de687b9eb7559dfa67ec28826ada96dfcf877092233289452acad34751b444d65e59be51fdc55094bd59cc
  languageName: node
  linkType: hard

"@pixi/sprite-animated@npm:7.0.0":
  version: 7.0.0
  resolution: "@pixi/sprite-animated@npm:7.0.0"
  checksum: 84fd3c1cd7b6110512d6940d1cad78c9568a25eb3c0248ed8a60e914a24b9d1acce810882f59507ca6cb3176d9841639f583801dac082a34a1813b6a97088017
  languageName: node
  linkType: hard

"@pixi/sprite-tiling@npm:7.0.0":
  version: 7.0.0
  resolution: "@pixi/sprite-tiling@npm:7.0.0"
  checksum: e3787803583f80cd69ad18aeb4d28e3929b908a02e41897840811df3df5682f25004a2912fa5ca72c0eedef96312eff85adcd8f629d54bfdc5bdc5d904850204
  languageName: node
  linkType: hard

"@pixi/sprite@npm:7.0.0":
  version: 7.0.0
  resolution: "@pixi/sprite@npm:7.0.0"
  checksum: da0dd9d2d3954ceba2cc3edaa2970d37f6334ff77e51aa2a955a77710993f782c89c8e61417e131fb4b364cc44e5c2de4e51b243ac0958afb9de73be3b28eeb7
  languageName: node
  linkType: hard

"@pixi/spritesheet@npm:7.0.0":
  version: 7.0.0
  resolution: "@pixi/spritesheet@npm:7.0.0"
  checksum: 07af20479690224793e399b2323e99312bcb30e374d1f151cb8872e9b910284a5f4d7cc31a40047ef944fe4a8e3475c24d49ca5cf8c324ba2abba3fe2fd20326
  languageName: node
  linkType: hard

"@pixi/text-bitmap@npm:7.0.0":
  version: 7.0.0
  resolution: "@pixi/text-bitmap@npm:7.0.0"
  checksum: 100ca8ecbcc2d716f5420284da656679e61ded8ca3f56bbfee903c8a1b07be4883d461ae8b61b3eb00307b3d7c7cf3b225abe0d216a35953d636abd00363ed4c
  languageName: node
  linkType: hard

"@pixi/text@npm:7.0.0":
  version: 7.0.0
  resolution: "@pixi/text@npm:7.0.0"
  checksum: aa2763d1eb995adbfcd35a04db8ff67e36a32da9d319e4d2d5ef3a8248b2584791057da6222ed6d6a57f16474eabc01d34b23590b014fdd99b00e3052a325896
  languageName: node
  linkType: hard

"@pixi/ticker@npm:7.0.0":
  version: 7.0.0
  resolution: "@pixi/ticker@npm:7.0.0"
  dependencies:
    "@pixi/extensions": 7.0.0
    "@pixi/settings": 7.0.0
  checksum: c4c73a298ef4ebc5e204d94b92fbd94d80a1e9afe67438149dec13fd87c869ecdcf872d89bacf1fbdf9382b77eb370c01e2133419f36755f07e2d8ae4e36fb4d
  languageName: node
  linkType: hard

"@pixi/utils@npm:7.0.0":
  version: 7.0.0
  resolution: "@pixi/utils@npm:7.0.0"
  dependencies:
    "@pixi/constants": 7.0.0
    "@pixi/settings": 7.0.0
    "@types/earcut": ^2.1.0
    earcut: ^2.2.4
    eventemitter3: ^4.0.0
    url: ^0.11.0
  checksum: 32c7c4dfa3a9d739ae9e762f6afc3e0ebc7cea7cffd4c7e5607fba46df4f01c70bd1a257108b2d80eb672283a933982e41c7166395fa96b13f78ea50db5e2d6b
  languageName: node
  linkType: hard

"@types/css-font-loading-module@npm:^0.0.7":
  version: 0.0.7
  resolution: "@types/css-font-loading-module@npm:0.0.7"
  checksum: a074d3b824b2232160f2353daf1cc62937e4a24154d13607f14f93feaaac6abcf069c8ae02c1396840950fa02c1b3f19ce0f119321f9735905bfb3cd4b9b2021
  languageName: node
  linkType: hard

"@types/earcut@npm:^2.1.0":
  version: 2.1.1
  resolution: "@types/earcut@npm:2.1.1"
  checksum: 7845dab97ba2bf379caeb4fb91bb732e6710b0ce018a8e357f023cb96ac2fa5c64352461e93ecac2504966dcf6b0b882d117c2258cf15a679bd0063b3cee0e14
  languageName: node
  linkType: hard

"@types/offscreencanvas@npm:^2019.6.4":
  version: 2019.7.0
  resolution: "@types/offscreencanvas@npm:2019.7.0"
  checksum: 018cfcd19e0c59c44d14ba61caaca7246f77fbb512839c7881654b7f2b6591dbdd5857362eccbf49f29cdc93724e71a4b37c8b6cf203388f9c04e913a53ea390
  languageName: node
  linkType: hard

"earcut@npm:^2.2.4":
  version: 2.2.4
  resolution: "earcut@npm:2.2.4"
  checksum: aea0466cb2f24e0c3c57148d8d28ac9846f53c4f43ee66780826474303ac851b305ef988152d0bdeb31e8f7ca939dc0df737e7505cfb1c1bdf2ff9d7f9ea2faa
  languageName: node
  linkType: hard

"eventemitter3@npm:^4.0.0":
  version: 4.0.7
  resolution: "eventemitter3@npm:4.0.7"
  checksum: 1875311c42fcfe9c707b2712c32664a245629b42bb0a5a84439762dd0fd637fc54d078155ea83c2af9e0323c9ac13687e03cfba79b03af9f40c89b4960099374
  languageName: node
  linkType: hard

"pixi.js@npm:^7.0.0":
  version: 7.0.0
  resolution: "pixi.js@npm:7.0.0"
  dependencies:
    "@pixi/accessibility": 7.0.0
    "@pixi/app": 7.0.0
    "@pixi/assets": 7.0.0
    "@pixi/compressed-textures": 7.0.0
    "@pixi/core": 7.0.0
    "@pixi/display": 7.0.0
    "@pixi/events": 7.0.0
    "@pixi/extensions": 7.0.0
    "@pixi/extract": 7.0.0
    "@pixi/filter-alpha": 7.0.0
    "@pixi/filter-blur": 7.0.0
    "@pixi/filter-color-matrix": 7.0.0
    "@pixi/filter-displacement": 7.0.0
    "@pixi/filter-fxaa": 7.0.0
    "@pixi/filter-noise": 7.0.0
    "@pixi/graphics": 7.0.0
    "@pixi/mesh": 7.0.0
    "@pixi/mesh-extras": 7.0.0
    "@pixi/mixin-cache-as-bitmap": 7.0.0
    "@pixi/mixin-get-child-by-name": 7.0.0
    "@pixi/mixin-get-global-position": 7.0.0
    "@pixi/particle-container": 7.0.0
    "@pixi/prepare": 7.0.0
    "@pixi/sprite": 7.0.0
    "@pixi/sprite-animated": 7.0.0
    "@pixi/sprite-tiling": 7.0.0
    "@pixi/spritesheet": 7.0.0
    "@pixi/text": 7.0.0
    "@pixi/text-bitmap": 7.0.0
  checksum: d17bf1b4e349503c805dddb0a7513b2d69c6c6ff1ff3169ddca5f63f9f7f63937f3d6a2d5ad37967f03fb63a3ac9ff2e21a80b29e3e0644e172e536c11c9766a
  languageName: node
  linkType: hard

"punycode@npm:1.3.2":
  version: 1.3.2
  resolution: "punycode@npm:1.3.2"
  checksum: b8807fd594b1db33335692d1f03e8beeddde6fda7fbb4a2e32925d88d20a3aa4cd8dcc0c109ccaccbd2ba761c208dfaaada83007087ea8bfb0129c9ef1b99ed6
  languageName: node
  linkType: hard

"querystring@npm:0.2.0":
  version: 0.2.0
  resolution: "querystring@npm:0.2.0"
  checksum: 8258d6734f19be27e93f601758858c299bdebe71147909e367101ba459b95446fbe5b975bf9beb76390156a592b6f4ac3a68b6087cea165c259705b8b4e56a69
  languageName: node
  linkType: hard

"repo@workspace:.":
  version: 0.0.0-use.local
  resolution: "repo@workspace:."
  dependencies:
    pixi.js: ^7.0.0
  languageName: unknown
  linkType: soft

"url@npm:^0.11.0":
  version: 0.11.0
  resolution: "url@npm:0.11.0"
  dependencies:
    punycode: 1.3.2
    querystring: 0.2.0
  checksum: 50d100d3dd2d98b9fe3ada48cadb0b08aa6be6d3ac64112b867b56b19be4bfcba03c2a9a0d7922bfd7ac17d4834e88537749fe182430dfd9b68e520175900d90
  languageName: node
  linkType: hard
